
Microsoft Visual Studio Solution File, Format Version 12.00
# Visual Studio 2012
Project("{8BC9CEB8-8B4A-11D0-8D11-00A0C91BC942}") = "PatchC1", "PatchC1\PatchC1.vcxproj", "{68F54506-6164-4ABE-B7E3-61D8AE224BDB}"
EndProject
Global
	GlobalSection(SolutionConfigurationPlatforms) = preSolution
		Debug|Win32 = Debug|Win32
		Release|Win32 = Release|Win32
	EndGlobalSection
	GlobalSection(ProjectConfigurationPlatforms) = postSolution
		{68F54506-6164-4ABE-B7E3-61D8AE224BDB}.Debug|Win32.ActiveCfg = Debug|Win32
		{68F54506-6164-4ABE-B7E3-61D8AE224BDB}.Debug|Win32.Build.0 = Debug|Win32
		{68F54506-6164-4ABE-B7E3-61D8AE224BDB}.Release|Win32.ActiveCfg = Release|Win32
		{68F54506-6164-4ABE-B7E3-61D8AE224BDB}.Release|Win32.Build.0 = Release|Win32
	EndGlobalSection
	GlobalSection(SolutionProperties) = preSolution
		HideSolutionNode = FALSE
	EndGlobalSection
EndGlobal
